
Microsoft Visual Studio Solution File, Format Version 12.00
# Visual Studio Version 16
VisualStudioVersion = 16.0.31025.194
MinimumVisualStudioVersion = 10.0.40219.1
Project("{FAE04EC0-301F-11D3-BF4B-00C04F79EFBC}") = "13.Construcor()Enum()", "13.Construcor()Enum()\13.Construcor()Enum().csproj", "{07CD65CB-DEF5-4C72-A899-2DBBFC5099FF}"
EndProject
Global
	GlobalSection(SolutionConfigurationPlatforms) = preSolution
		Debug|Any CPU = Debug|Any CPU
		Release|Any CPU = Release|Any CPU
	EndGlobalSection
	GlobalSection(ProjectConfigurationPlatforms) = postSolution
		{07CD65CB-DEF5-4C72-A899-2DBBFC5099FF}.Debug|Any CPU.ActiveCfg = Debug|Any CPU
		{07CD65CB-DEF5-4C72-A899-2DBBFC5099FF}.Debug|Any CPU.Build.0 = Debug|Any CPU
		{07CD65CB-DEF5-4C72-A899-2DBBFC5099FF}.Release|Any CPU.ActiveCfg = Release|Any CPU
		{07CD65CB-DEF5-4C72-A899-2DBBFC5099FF}.Release|Any CPU.Build.0 = Release|Any CPU
	EndGlobalSection
	GlobalSection(SolutionProperties) = preSolution
		HideSolutionNode = FALSE
	EndGlobalSection
	GlobalSection(ExtensibilityGlobals) = postSolution
		SolutionGuid = {DB1DBE8D-DB68-4316-B139-F309D64B5BFB}
	EndGlobalSection
EndGlobal
