
Microsoft Visual Studio Solution File, Format Version 12.00
# Visual Studio Version 16
VisualStudioVersion = 16.0.31025.194
MinimumVisualStudioVersion = 10.0.40219.1
Project("{FAE04EC0-301F-11D3-BF4B-00C04F79EFBC}") = "8.Methods", "8.Methods\8.Methods.csproj", "{19E7E859-99B0-452A-8661-F4FFB7033852}"
EndProject
Global
	GlobalSection(SolutionConfigurationPlatforms) = preSolution
		Debug|Any CPU = Debug|Any CPU
		Release|Any CPU = Release|Any CPU
	EndGlobalSection
	GlobalSection(ProjectConfigurationPlatforms) = postSolution
		{19E7E859-99B0-452A-8661-F4FFB7033852}.Debug|Any CPU.ActiveCfg = Debug|Any CPU
		{19E7E859-99B0-452A-8661-F4FFB7033852}.Debug|Any CPU.Build.0 = Debug|Any CPU
		{19E7E859-99B0-452A-8661-F4FFB7033852}.Release|Any CPU.ActiveCfg = Release|Any CPU
		{19E7E859-99B0-452A-8661-F4FFB7033852}.Release|Any CPU.Build.0 = Release|Any CPU
	EndGlobalSection
	GlobalSection(SolutionProperties) = preSolution
		HideSolutionNode = FALSE
	EndGlobalSection
	GlobalSection(ExtensibilityGlobals) = postSolution
		SolutionGuid = {5374E5CA-F1F1-40AE-A5F7-D6EB107AFFBA}
	EndGlobalSection
EndGlobal
