
Microsoft Visual Studio Solution File, Format Version 12.00
# Visual Studio Version 16
VisualStudioVersion = 16.0.31025.194
MinimumVisualStudioVersion = 10.0.40219.1
Project("{FAE04EC0-301F-11D3-BF4B-00C04F79EFBC}") = "18.Operator overloading", "18.Operator overloading\18.Operator overloading.csproj", "{5DF9FA0A-963D-4F3B-BFFE-FB290C8B2CF5}"
EndProject
Global
	GlobalSection(SolutionConfigurationPlatforms) = preSolution
		Debug|Any CPU = Debug|Any CPU
		Release|Any CPU = Release|Any CPU
	EndGlobalSection
	GlobalSection(ProjectConfigurationPlatforms) = postSolution
		{5DF9FA0A-963D-4F3B-BFFE-FB290C8B2CF5}.Debug|Any CPU.ActiveCfg = Debug|Any CPU
		{5DF9FA0A-963D-4F3B-BFFE-FB290C8B2CF5}.Debug|Any CPU.Build.0 = Debug|Any CPU
		{5DF9FA0A-963D-4F3B-BFFE-FB290C8B2CF5}.Release|Any CPU.ActiveCfg = Release|Any CPU
		{5DF9FA0A-963D-4F3B-BFFE-FB290C8B2CF5}.Release|Any CPU.Build.0 = Release|Any CPU
	EndGlobalSection
	GlobalSection(SolutionProperties) = preSolution
		HideSolutionNode = FALSE
	EndGlobalSection
	GlobalSection(ExtensibilityGlobals) = postSolution
		SolutionGuid = {E0B4ED82-C6BA-43C6-B30F-C669746CC85C}
	EndGlobalSection
EndGlobal
