
Microsoft Visual Studio Solution File, Format Version 12.00
# Visual Studio Version 16
VisualStudioVersion = 16.0.31025.194
MinimumVisualStudioVersion = 10.0.40219.1
Project("{FAE04EC0-301F-11D3-BF4B-00C04F79EFBC}") = "Loops2", "Loops2\Loops2.csproj", "{11045669-9BFF-4BC6-9DDB-754B2878816F}"
EndProject
Global
	GlobalSection(SolutionConfigurationPlatforms) = preSolution
		Debug|Any CPU = Debug|Any CPU
		Release|Any CPU = Release|Any CPU
	EndGlobalSection
	GlobalSection(ProjectConfigurationPlatforms) = postSolution
		{11045669-9BFF-4BC6-9DDB-754B2878816F}.Debug|Any CPU.ActiveCfg = Debug|Any CPU
		{11045669-9BFF-4BC6-9DDB-754B2878816F}.Debug|Any CPU.Build.0 = Debug|Any CPU
		{11045669-9BFF-4BC6-9DDB-754B2878816F}.Release|Any CPU.ActiveCfg = Release|Any CPU
		{11045669-9BFF-4BC6-9DDB-754B2878816F}.Release|Any CPU.Build.0 = Release|Any CPU
	EndGlobalSection
	GlobalSection(SolutionProperties) = preSolution
		HideSolutionNode = FALSE
	EndGlobalSection
	GlobalSection(ExtensibilityGlobals) = postSolution
		SolutionGuid = {357271B9-BA74-481B-91C6-DEC1579BB708}
	EndGlobalSection
EndGlobal
