
Microsoft Visual Studio Solution File, Format Version 12.00
# Visual Studio Version 16
VisualStudioVersion = 16.0.31025.194
MinimumVisualStudioVersion = 10.0.40219.1
Project("{FAE04EC0-301F-11D3-BF4B-00C04F79EFBC}") = "Test", "Test\Test.csproj", "{CA65C8BC-41BE-4BB1-BC2C-E7EFBB7085D6}"
EndProject
Global
	GlobalSection(SolutionConfigurationPlatforms) = preSolution
		Debug|Any CPU = Debug|Any CPU
		Release|Any CPU = Release|Any CPU
	EndGlobalSection
	GlobalSection(ProjectConfigurationPlatforms) = postSolution
		{CA65C8BC-41BE-4BB1-BC2C-E7EFBB7085D6}.Debug|Any CPU.ActiveCfg = Debug|Any CPU
		{CA65C8BC-41BE-4BB1-BC2C-E7EFBB7085D6}.Debug|Any CPU.Build.0 = Debug|Any CPU
		{CA65C8BC-41BE-4BB1-BC2C-E7EFBB7085D6}.Release|Any CPU.ActiveCfg = Release|Any CPU
		{CA65C8BC-41BE-4BB1-BC2C-E7EFBB7085D6}.Release|Any CPU.Build.0 = Release|Any CPU
	EndGlobalSection
	GlobalSection(SolutionProperties) = preSolution
		HideSolutionNode = FALSE
	EndGlobalSection
	GlobalSection(ExtensibilityGlobals) = postSolution
		SolutionGuid = {FE053EF8-363C-41F3-B586-C30B5ED1A124}
	EndGlobalSection
EndGlobal
