
Microsoft Visual Studio Solution File, Format Version 12.00
# Visual Studio Version 16
VisualStudioVersion = 16.0.31025.194
MinimumVisualStudioVersion = 10.0.40219.1
Project("{FAE04EC0-301F-11D3-BF4B-00C04F79EFBC}") = "Bitwize", "Bitwize\Bitwize.csproj", "{D90A9829-25D7-43D1-BB8C-45947CB66222}"
EndProject
Global
	GlobalSection(SolutionConfigurationPlatforms) = preSolution
		Debug|Any CPU = Debug|Any CPU
		Release|Any CPU = Release|Any CPU
	EndGlobalSection
	GlobalSection(ProjectConfigurationPlatforms) = postSolution
		{D90A9829-25D7-43D1-BB8C-45947CB66222}.Debug|Any CPU.ActiveCfg = Debug|Any CPU
		{D90A9829-25D7-43D1-BB8C-45947CB66222}.Debug|Any CPU.Build.0 = Debug|Any CPU
		{D90A9829-25D7-43D1-BB8C-45947CB66222}.Release|Any CPU.ActiveCfg = Release|Any CPU
		{D90A9829-25D7-43D1-BB8C-45947CB66222}.Release|Any CPU.Build.0 = Release|Any CPU
	EndGlobalSection
	GlobalSection(SolutionProperties) = preSolution
		HideSolutionNode = FALSE
	EndGlobalSection
	GlobalSection(ExtensibilityGlobals) = postSolution
		SolutionGuid = {669646C9-65A8-4A2B-BE0E-BBCEB786ED01}
	EndGlobalSection
EndGlobal
